%{"cauldron": {:package, "0.1.5"},
  "cowboy": {:hex, :cowboy, "1.0.0"},
  "cowlib": {:hex, :cowlib, "1.0.0"},
  "decimal": {:package, "0.2.5"},
  "ecto": {:package, "0.1.0"},
  "excoveralls": {:package, "0.2.0"},
  "exprintf": {:package, "0.1.5"},
  "exts": {:package, "0.2.2"},
  "httprot": {:package, "0.1.5"},
  "jsex": {:package, "2.0.0"},
  "json": {:package, "0.3.0"},
  "jsx": {:package, "2.1.1"},
  "plug": {:hex, :plug, "0.8.1"},
  "poolboy": {:package, "1.2.1"},
  "postgrex": {:package, "0.5.0"},
  "ranch": {:hex, :ranch, "1.0.0"},
  "reagent": {:package, "0.1.5"},
  "socket": {:package, "0.2.8"},
  "sugar": {:package, "0.3.0"}}
